
Microsoft Visual Studio Solution File, Format Version 12.00
# Visual Studio Version 17
VisualStudioVersion = 17.0.31912.275
MinimumVisualStudioVersion = 10.0.40219.1
Project("{FAE04EC0-301F-11D3-BF4B-00C04F79EFBC}") = "Loops", "Loops\Loops.csproj", "{7653E97C-F10D-48C4-B9C3-287451C413FB}"
EndProject
Global
	GlobalSection(SolutionConfigurationPlatforms) = preSolution
		Debug|Any CPU = Debug|Any CPU
		Release|Any CPU = Release|Any CPU
	EndGlobalSection
	GlobalSection(ProjectConfigurationPlatforms) = postSolution
		{7653E97C-F10D-48C4-B9C3-287451C413FB}.Debug|Any CPU.ActiveCfg = Debug|Any CPU
		{7653E97C-F10D-48C4-B9C3-287451C413FB}.Debug|Any CPU.Build.0 = Debug|Any CPU
		{7653E97C-F10D-48C4-B9C3-287451C413FB}.Release|Any CPU.ActiveCfg = Release|Any CPU
		{7653E97C-F10D-48C4-B9C3-287451C413FB}.Release|Any CPU.Build.0 = Release|Any CPU
	EndGlobalSection
	GlobalSection(SolutionProperties) = preSolution
		HideSolutionNode = FALSE
	EndGlobalSection
	GlobalSection(ExtensibilityGlobals) = postSolution
		SolutionGuid = {22C01A4E-5851-4458-B96A-E5C7B727E807}
	EndGlobalSection
EndGlobal
